
Microsoft Visual Studio Solution File, Format Version 12.00
# Visual Studio 2013
VisualStudioVersion = 12.0.20617.1 PREVIEW
MinimumVisualStudioVersion = 10.0.40219.1
Project("{2150E333-8FDC-42A3-9474-1A3956D46DE8}") = "build", "build", "{C03695EA-C5B6-4960-B626-6249E2B3BBC2}"
EndProject
Project("{2150E333-8FDC-42A3-9474-1A3956D46DE8}") = "source", "source", "{99D0745D-F261-4507-B0B2-5151519BEA65}"
EndProject
Project("{2150E333-8FDC-42A3-9474-1A3956D46DE8}") = "Net451", "Net451", "{65100CE6-34E9-4DFD-9B4F-039B0CD5BC37}"
EndProject
Project("{FAE04EC0-301F-11D3-BF4B-00C04F79EFBC}") = "Lw.Core.Net451", "source\net451\Lw.Core.Net451\Lw.Core.Net451.csproj", "{C71A0D83-3E7D-425C-9C7E-C6E956AF0E64}"
EndProject
Project("{2150E333-8FDC-42A3-9474-1A3956D46DE8}") = "T4", "T4", "{CA227BEC-92C0-45A7-9A62-32A39D6E19C5}"
EndProject
Project("{2150E333-8FDC-42A3-9474-1A3956D46DE8}") = "ApplicationMessages", "ApplicationMessages", "{67AB74AF-3B6C-4B54-ADD1-0B7F3902B809}"
EndProject
Project("{2150E333-8FDC-42A3-9474-1A3956D46DE8}") = "Core", "Core", "{9644F06F-2946-4789-9330-D692442A1D3E}"
	ProjectSection(SolutionItems) = preProject
		build\T4\Core\Ecl.Core.CS.ttinclude = build\T4\Core\Ecl.Core.CS.ttinclude
		build\T4\Core\Ecl.Generator.cs = build\T4\Core\Ecl.Generator.cs
		build\T4\Core\Ecl.Generator.CS.ttinclude = build\T4\Core\Ecl.Generator.CS.ttinclude
	EndProjectSection
EndProject
Project("{2150E333-8FDC-42A3-9474-1A3956D46DE8}") = "EntityFramework", "EntityFramework", "{8FAC7102-E4CC-4C58-9184-068F0CA70EC9}"
EndProject
Project("{FAE04EC0-301F-11D3-BF4B-00C04F79EFBC}") = "LBT.ApplicationMessages.Net451", "build\T4\ApplicationMessages\LBT.ApplicationMessages.Net451\LBT.ApplicationMessages.Net451.csproj", "{C1BF25DC-40A6-4A9A-9F5F-8C2A1688A346}"
EndProject
Project("{FAE04EC0-301F-11D3-BF4B-00C04F79EFBC}") = "LBT.ApplicationMessages.Net45", "build\T4\ApplicationMessages\LBT.ApplicationMessages.Net45\LBT.ApplicationMessages.Net45.csproj", "{BCB0B0B6-AB17-4F61-BCC6-18DB6FB18BBA}"
EndProject
Project("{FAE04EC0-301F-11D3-BF4B-00C04F79EFBC}") = "Lw.DirectoryServices.Net451", "source\net451\Lw.DirectoryServices.Net451\Lw.DirectoryServices.Net451.csproj", "{AEE6EABA-BE48-4CED-A4A0-BB02D3DB5286}"
EndProject
Project("{FAE04EC0-301F-11D3-BF4B-00C04F79EFBC}") = "Lw.EntityFramework.EF6.Net451", "source\net451\Lw.EntityFramework.EF6.Net451\Lw.EntityFramework.EF6.Net451.csproj", "{558D0C7F-F8FD-40BC-B785-45E602AFF1C1}"
EndProject
Project("{2150E333-8FDC-42A3-9474-1A3956D46DE8}") = ".nuget", ".nuget", "{86B5BCF6-90E8-46D1-8BC3-3BCF2B5915E3}"
	ProjectSection(SolutionItems) = preProject
		.nuget\NuGet.Config = .nuget\NuGet.Config
		.nuget\NuGet.exe = .nuget\NuGet.exe
		.nuget\NuGet.targets = .nuget\NuGet.targets
	EndProjectSection
EndProject
Project("{FAE04EC0-301F-11D3-BF4B-00C04F79EFBC}") = "Lw.ComponentModel.DataAnnotations.Net451", "source\net451\Lw.ComponentModel.DataAnnotations.Net451\Lw.ComponentModel.DataAnnotations.Net451.csproj", "{9C381136-AAA5-4EDC-9799-32A2E4FEB9EE}"
EndProject
Global
	GlobalSection(SolutionConfigurationPlatforms) = preSolution
		Debug|Any CPU = Debug|Any CPU
		Release|Any CPU = Release|Any CPU
	EndGlobalSection
	GlobalSection(ProjectConfigurationPlatforms) = postSolution
		{C71A0D83-3E7D-425C-9C7E-C6E956AF0E64}.Debug|Any CPU.ActiveCfg = Debug|Any CPU
		{C71A0D83-3E7D-425C-9C7E-C6E956AF0E64}.Debug|Any CPU.Build.0 = Debug|Any CPU
		{C71A0D83-3E7D-425C-9C7E-C6E956AF0E64}.Release|Any CPU.ActiveCfg = Release|Any CPU
		{C71A0D83-3E7D-425C-9C7E-C6E956AF0E64}.Release|Any CPU.Build.0 = Release|Any CPU
		{C1BF25DC-40A6-4A9A-9F5F-8C2A1688A346}.Debug|Any CPU.ActiveCfg = Build|Any CPU
		{C1BF25DC-40A6-4A9A-9F5F-8C2A1688A346}.Release|Any CPU.ActiveCfg = Build|Any CPU
		{BCB0B0B6-AB17-4F61-BCC6-18DB6FB18BBA}.Debug|Any CPU.ActiveCfg = Build|Any CPU
		{BCB0B0B6-AB17-4F61-BCC6-18DB6FB18BBA}.Release|Any CPU.ActiveCfg = Build|Any CPU
		{AEE6EABA-BE48-4CED-A4A0-BB02D3DB5286}.Debug|Any CPU.ActiveCfg = Debug|Any CPU
		{AEE6EABA-BE48-4CED-A4A0-BB02D3DB5286}.Debug|Any CPU.Build.0 = Debug|Any CPU
		{AEE6EABA-BE48-4CED-A4A0-BB02D3DB5286}.Release|Any CPU.ActiveCfg = Release|Any CPU
		{AEE6EABA-BE48-4CED-A4A0-BB02D3DB5286}.Release|Any CPU.Build.0 = Release|Any CPU
		{558D0C7F-F8FD-40BC-B785-45E602AFF1C1}.Debug|Any CPU.ActiveCfg = Debug|Any CPU
		{558D0C7F-F8FD-40BC-B785-45E602AFF1C1}.Debug|Any CPU.Build.0 = Debug|Any CPU
		{558D0C7F-F8FD-40BC-B785-45E602AFF1C1}.Release|Any CPU.ActiveCfg = Release|Any CPU
		{558D0C7F-F8FD-40BC-B785-45E602AFF1C1}.Release|Any CPU.Build.0 = Release|Any CPU
		{9C381136-AAA5-4EDC-9799-32A2E4FEB9EE}.Debug|Any CPU.ActiveCfg = Debug|Any CPU
		{9C381136-AAA5-4EDC-9799-32A2E4FEB9EE}.Debug|Any CPU.Build.0 = Debug|Any CPU
		{9C381136-AAA5-4EDC-9799-32A2E4FEB9EE}.Release|Any CPU.ActiveCfg = Release|Any CPU
		{9C381136-AAA5-4EDC-9799-32A2E4FEB9EE}.Release|Any CPU.Build.0 = Release|Any CPU
	EndGlobalSection
	GlobalSection(SolutionProperties) = preSolution
		HideSolutionNode = FALSE
	EndGlobalSection
	GlobalSection(NestedProjects) = preSolution
		{CA227BEC-92C0-45A7-9A62-32A39D6E19C5} = {C03695EA-C5B6-4960-B626-6249E2B3BBC2}
		{65100CE6-34E9-4DFD-9B4F-039B0CD5BC37} = {99D0745D-F261-4507-B0B2-5151519BEA65}
		{C71A0D83-3E7D-425C-9C7E-C6E956AF0E64} = {65100CE6-34E9-4DFD-9B4F-039B0CD5BC37}
		{AEE6EABA-BE48-4CED-A4A0-BB02D3DB5286} = {65100CE6-34E9-4DFD-9B4F-039B0CD5BC37}
		{558D0C7F-F8FD-40BC-B785-45E602AFF1C1} = {65100CE6-34E9-4DFD-9B4F-039B0CD5BC37}
		{9C381136-AAA5-4EDC-9799-32A2E4FEB9EE} = {65100CE6-34E9-4DFD-9B4F-039B0CD5BC37}
		{67AB74AF-3B6C-4B54-ADD1-0B7F3902B809} = {CA227BEC-92C0-45A7-9A62-32A39D6E19C5}
		{9644F06F-2946-4789-9330-D692442A1D3E} = {CA227BEC-92C0-45A7-9A62-32A39D6E19C5}
		{8FAC7102-E4CC-4C58-9184-068F0CA70EC9} = {CA227BEC-92C0-45A7-9A62-32A39D6E19C5}
		{C1BF25DC-40A6-4A9A-9F5F-8C2A1688A346} = {67AB74AF-3B6C-4B54-ADD1-0B7F3902B809}
		{BCB0B0B6-AB17-4F61-BCC6-18DB6FB18BBA} = {67AB74AF-3B6C-4B54-ADD1-0B7F3902B809}
	EndGlobalSection
EndGlobal
